
Microsoft Visual Studio Solution File, Format Version 12.00
# Visual Studio Version 17
VisualStudioVersion = 17.11.35327.3
MinimumVisualStudioVersion = 10.0.40219.1
Project("{FAE04EC0-301F-11D3-BF4B-00C04F79EFBC}") = "INaturalistCsvToGpx", "INaturalistCsvToGpx\INaturalistCsvToGpx.csproj", "{2851AB60-468E-483C-B385-DBD84D445776}"
EndProject
Global
	GlobalSection(SolutionConfigurationPlatforms) = preSolution
		Debug|Any CPU = Debug|Any CPU
		Release|Any CPU = Release|Any CPU
	EndGlobalSection
	GlobalSection(ProjectConfigurationPlatforms) = postSolution
		{2851AB60-468E-483C-B385-DBD84D445776}.Debug|Any CPU.ActiveCfg = Debug|Any CPU
		{2851AB60-468E-483C-B385-DBD84D445776}.Debug|Any CPU.Build.0 = Debug|Any CPU
		{2851AB60-468E-483C-B385-DBD84D445776}.Release|Any CPU.ActiveCfg = Release|Any CPU
		{2851AB60-468E-483C-B385-DBD84D445776}.Release|Any CPU.Build.0 = Release|Any CPU
	EndGlobalSection
	GlobalSection(SolutionProperties) = preSolution
		HideSolutionNode = FALSE
	EndGlobalSection
	GlobalSection(ExtensibilityGlobals) = postSolution
		SolutionGuid = {15983C2D-A898-48D3-B2B4-FFA5F70AC400}
	EndGlobalSection
EndGlobal
